// !$*UTF8*$!
{
	archiveVersion = 1;
	classes = {
	};
	objectVersion = 46;
	objects = {

/* Begin PBXBuildFile section */
		5F2FE3EC1F06BEEC00BB4532 /* AppDelegate.swift in Sources */ = {isa = PBXBuildFile; fileRef = 5F2FE3EB1F06BEEC00BB4532 /* AppDelegate.swift */; };
		5F2FE3F01F06BEEC00BB4532 /* Actions.sks in Resources */ = {isa = PBXBuildFile; fileRef = 5F2FE3EF1F06BEEC00BB4532 /* Actions.sks */; };
		5F2FE3F21F06BEEC00BB4532 /* GameScene.swift in Sources */ = {isa = PBXBuildFile; fileRef = 5F2FE3F11F06BEEC00BB4532 /* GameScene.swift */; };
		5F2FE3F41F06BEEC00BB4532 /* GameViewController.swift in Sources */ = {isa = PBXBuildFile; fileRef = 5F2FE3F31F06BEEC00BB4532 /* GameViewController.swift */; };
		5F2FE3F71F06BEEC00BB4532 /* Main.storyboard in Resources */ = {isa = PBXBuildFile; fileRef = 5F2FE3F51F06BEEC00BB4532 /* Main.storyboard */; };
		5F2FE3F91F06BEEC00BB4532 /* Assets.xcassets in Resources */ = {isa = PBXBuildFile; fileRef = 5F2FE3F81F06BEEC00BB4532 /* Assets.xcassets */; };
		5F2FE3FC1F06BEEC00BB4532 /* LaunchScreen.storyboard in Resources */ = {isa = PBXBuildFile; fileRef = 5F2FE3FA1F06BEEC00BB4532 /* LaunchScreen.storyboard */; };
		5F2FE4071F06BEEC00BB4532 /* Flip_NinjaTests.swift in Sources */ = {isa = PBXBuildFile; fileRef = 5F2FE4061F06BEEC00BB4532 /* Flip_NinjaTests.swift */; };
		5F2FE4121F06BEEC00BB4532 /* Flip_NinjaUITests.swift in Sources */ = {isa = PBXBuildFile; fileRef = 5F2FE4111F06BEEC00BB4532 /* Flip_NinjaUITests.swift */; };
		5F2FE4201F06C7DD00BB4532 /* BCMovingGround.swift in Sources */ = {isa = PBXBuildFile; fileRef = 5F2FE41F1F06C7DD00BB4532 /* BCMovingGround.swift */; };
		5F2FE4241F06DB2E00BB4532 /* BCCharacter.swift in Sources */ = {isa = PBXBuildFile; fileRef = 5F2FE4231F06DB2E00BB4532 /* BCCharacter.swift */; };
		5FD658D31F06FD1B007598FF /* Constants.swift in Sources */ = {isa = PBXBuildFile; fileRef = 5FD658D21F06FD1B007598FF /* Constants.swift */; };
		5FD658D51F0701E7007598FF /* BCCloudGenerator.swift in Sources */ = {isa = PBXBuildFile; fileRef = 5FD658D41F0701E7007598FF /* BCCloudGenerator.swift */; };
		5FD658D71F0702B4007598FF /* BCCloud.swift in Sources */ = {isa = PBXBuildFile; fileRef = 5FD658D61F0702B4007598FF /* BCCloud.swift */; };
		5FD6934F1F099F2B00CD0942 /* BCObstacle.swift in Sources */ = {isa = PBXBuildFile; fileRef = 5FD6934E1F099F2B00CD0942 /* BCObstacle.swift */; };
		5FD693511F09A30400CD0942 /* BCObstacleGenerator.swift in Sources */ = {isa = PBXBuildFile; fileRef = 5FD693501F09A30400CD0942 /* BCObstacleGenerator.swift */; };
/* End PBXBuildFile section */

/* Begin PBXContainerItemProxy section */
		5F2FE4031F06BEEC00BB4532 /* PBXContainerItemProxy */ = {
			isa = PBXContainerItemProxy;
			containerPortal = 5F2FE3E01F06BEEB00BB4532 /* Project object */;
			proxyType = 1;
			remoteGlobalIDString = 5F2FE3E71F06BEEB00BB4532;
			remoteInfo = "Flip Ninja";
		};
		5F2FE40E1F06BEEC00BB4532 /* PBXContainerItemProxy */ = {
			isa = PBXContainerItemProxy;
			containerPortal = 5F2FE3E01F06BEEB00BB4532 /* Project object */;
			proxyType = 1;
			remoteGlobalIDString = 5F2FE3E71F06BEEB00BB4532;
			remoteInfo = "Flip Ninja";
		};
/* End PBXContainerItemProxy section */

/* Begin PBXFileReference section */
		5F2FE3E81F06BEEC00BB4532 /* Flip Ninja.app */ = {isa = PBXFileReference; explicitFileType = wrapper.application; includeInIndex = 0; path = "Flip Ninja.app"; sourceTree = BUILT_PRODUCTS_DIR; };
		5F2FE3EB1F06BEEC00BB4532 /* AppDelegate.swift */ = {isa = PBXFileReference; lastKnownFileType = sourcecode.swift; path = AppDelegate.swift; sourceTree = "<group>"; };
		5F2FE3EF1F06BEEC00BB4532 /* Actions.sks */ = {isa = PBXFileReference; lastKnownFileType = file.sks; path = Actions.sks; sourceTree = "<group>"; };
		5F2FE3F11F06BEEC00BB4532 /* GameScene.swift */ = {isa = PBXFileReference; lastKnownFileType = sourcecode.swift; path = GameScene.swift; sourceTree = "<group>"; };
		5F2FE3F31F06BEEC00BB4532 /* GameViewController.swift */ = {isa = PBXFileReference; lastKnownFileType = sourcecode.swift; path = GameViewController.swift; sourceTree = "<group>"; };
		5F2FE3F61F06BEEC00BB4532 /* Base */ = {isa = PBXFileReference; lastKnownFileType = file.storyboard; name = Base; path = Base.lproj/Main.storyboard; sourceTree = "<group>"; };
		5F2FE3F81F06BEEC00BB4532 /* Assets.xcassets */ = {isa = PBXFileReference; lastKnownFileType = folder.assetcatalog; path = Assets.xcassets; sourceTree = "<group>"; };
		5F2FE3FB1F06BEEC00BB4532 /* Base */ = {isa = PBXFileReference; lastKnownFileType = file.storyboard; name = Base; path = Base.lproj/LaunchScreen.storyboard; sourceTree = "<group>"; };
		5F2FE3FD1F06BEEC00BB4532 /* Info.plist */ = {isa = PBXFileReference; lastKnownFileType = text.plist.xml; path = Info.plist; sourceTree = "<group>"; };
		5F2FE4021F06BEEC00BB4532 /* Flip NinjaTests.xctest */ = {isa = PBXFileReference; explicitFileType = wrapper.cfbundle; includeInIndex = 0; path = "Flip NinjaTests.xctest"; sourceTree = BUILT_PRODUCTS_DIR; };
		5F2FE4061F06BEEC00BB4532 /* Flip_NinjaTests.swift */ = {isa = PBXFileReference; lastKnownFileType = sourcecode.swift; path = Flip_NinjaTests.swift; sourceTree = "<group>"; };
		5F2FE4081F06BEEC00BB4532 /* Info.plist */ = {isa = PBXFileReference; lastKnownFileType = text.plist.xml; path = Info.plist; sourceTree = "<group>"; };
		5F2FE40D1F06BEEC00BB4532 /* Flip NinjaUITests.xctest */ = {isa = PBXFileReference; explicitFileType = wrapper.cfbundle; includeInIndex = 0; path = "Flip NinjaUITests.xctest"; sourceTree = BUILT_PRODUCTS_DIR; };
		5F2FE4111F06BEEC00BB4532 /* Flip_NinjaUITests.swift */ = {isa = PBXFileReference; lastKnownFileType = sourcecode.swift; path = Flip_NinjaUITests.swift; sourceTree = "<group>"; };
		5F2FE4131F06BEEC00BB4532 /* Info.plist */ = {isa = PBXFileReference; lastKnownFileType = text.plist.xml; path = Info.plist; sourceTree = "<group>"; };
		5F2FE41F1F06C7DD00BB4532 /* BCMovingGround.swift */ = {isa = PBXFileReference; fileEncoding = 4; lastKnownFileType = sourcecode.swift; path = BCMovingGround.swift; sourceTree = "<group>"; };
		5F2FE4231F06DB2E00BB4532 /* BCCharacter.swift */ = {isa = PBXFileReference; fileEncoding = 4; lastKnownFileType = sourcecode.swift; path = BCCharacter.swift; sourceTree = "<group>"; };
		5FD658D21F06FD1B007598FF /* Constants.swift */ = {isa = PBXFileReference; fileEncoding = 4; lastKnownFileType = sourcecode.swift; path = Constants.swift; sourceTree = "<group>"; };
		5FD658D41F0701E7007598FF /* BCCloudGenerator.swift */ = {isa = PBXFileReference; fileEncoding = 4; lastKnownFileType = sourcecode.swift; path = BCCloudGenerator.swift; sourceTree = "<group>"; };
		5FD658D61F0702B4007598FF /* BCCloud.swift */ = {isa = PBXFileReference; fileEncoding = 4; lastKnownFileType = sourcecode.swift; path = BCCloud.swift; sourceTree = "<group>"; };
		5FD6934E1F099F2B00CD0942 /* BCObstacle.swift */ = {isa = PBXFileReference; fileEncoding = 4; lastKnownFileType = sourcecode.swift; path = BCObstacle.swift; sourceTree = "<group>"; };
		5FD693501F09A30400CD0942 /* BCObstacleGenerator.swift */ = {isa = PBXFileReference; fileEncoding = 4; lastKnownFileType = sourcecode.swift; path = BCObstacleGenerator.swift; sourceTree = "<group>"; };
/* End PBXFileReference section */

/* Begin PBXFrameworksBuildPhase section */
		5F2FE3E51F06BEEB00BB4532 /* Frameworks */ = {
			isa = PBXFrameworksBuildPhase;
			buildActionMask = 2147483647;
			files = (
			);
			runOnlyForDeploymentPostprocessing = 0;
		};
		5F2FE3FF1F06BEEC00BB4532 /* Frameworks */ = {
			isa = PBXFrameworksBuildPhase;
			buildActionMask = 2147483647;
			files = (
			);
			runOnlyForDeploymentPostprocessing = 0;
		};
		5F2FE40A1F06BEEC00BB4532 /* Frameworks */ = {
			isa = PBXFrameworksBuildPhase;
			buildActionMask = 2147483647;
			files = (
			);
			runOnlyForDeploymentPostprocessing = 0;
		};
/* End PBXFrameworksBuildPhase section */

/* Begin PBXGroup section */
		5F2FE3DF1F06BEEB00BB4532 = {
			isa = PBXGroup;
			children = (
				5F2FE3EA1F06BEEC00BB4532 /* Flip Ninja */,
				5F2FE4051F06BEEC00BB4532 /* Flip NinjaTests */,
				5F2FE4101F06BEEC00BB4532 /* Flip NinjaUITests */,
				5F2FE3E91F06BEEC00BB4532 /* Products */,
			);
			sourceTree = "<group>";
		};
		5F2FE3E91F06BEEC00BB4532 /* Products */ = {
			isa = PBXGroup;
			children = (
				5F2FE3E81F06BEEC00BB4532 /* Flip Ninja.app */,
				5F2FE4021F06BEEC00BB4532 /* Flip NinjaTests.xctest */,
				5F2FE40D1F06BEEC00BB4532 /* Flip NinjaUITests.xctest */,
			);
			name = Products;
			sourceTree = "<group>";
		};
		5F2FE3EA1F06BEEC00BB4532 /* Flip Ninja */ = {
			isa = PBXGroup;
			children = (
				5F2FE3EB1F06BEEC00BB4532 /* AppDelegate.swift */,
				5F2FE3EF1F06BEEC00BB4532 /* Actions.sks */,
				5F2FE3F11F06BEEC00BB4532 /* GameScene.swift */,
				5FD658D21F06FD1B007598FF /* Constants.swift */,
				5F2FE41F1F06C7DD00BB4532 /* BCMovingGround.swift */,
				5FD658D81F0702B9007598FF /* Cloud Generation */,
				5F2FE4231F06DB2E00BB4532 /* BCCharacter.swift */,
				5F2FE3F31F06BEEC00BB4532 /* GameViewController.swift */,
				5F2FE3F51F06BEEC00BB4532 /* Main.storyboard */,
				5F2FE3F81F06BEEC00BB4532 /* Assets.xcassets */,
				5F2FE3FA1F06BEEC00BB4532 /* LaunchScreen.storyboard */,
				5F2FE3FD1F06BEEC00BB4532 /* Info.plist */,
				5FD693521F09A48B00CD0942 /* Obstacle Generation */,
			);
			path = "Flip Ninja";
			sourceTree = "<group>";
		};
		5F2FE4051F06BEEC00BB4532 /* Flip NinjaTests */ = {
			isa = PBXGroup;
			children = (
				5F2FE4061F06BEEC00BB4532 /* Flip_NinjaTests.swift */,
				5F2FE4081F06BEEC00BB4532 /* Info.plist */,
			);
			path = "Flip NinjaTests";
			sourceTree = "<group>";
		};
		5F2FE4101F06BEEC00BB4532 /* Flip NinjaUITests */ = {
			isa = PBXGroup;
			children = (
				5F2FE4111F06BEEC00BB4532 /* Flip_NinjaUITests.swift */,
				5F2FE4131F06BEEC00BB4532 /* Info.plist */,
			);
			path = "Flip NinjaUITests";
			sourceTree = "<group>";
		};
		5FD658D81F0702B9007598FF /* Cloud Generation */ = {
			isa = PBXGroup;
			children = (
				5FD658D61F0702B4007598FF /* BCCloud.swift */,
				5FD658D41F0701E7007598FF /* BCCloudGenerator.swift */,
			);
			name = "Cloud Generation";
			sourceTree = "<group>";
		};
		5FD693521F09A48B00CD0942 /* Obstacle Generation */ = {
			isa = PBXGroup;
			children = (
				5FD693501F09A30400CD0942 /* BCObstacleGenerator.swift */,
				5FD6934E1F099F2B00CD0942 /* BCObstacle.swift */,
			);
			name = "Obstacle Generation";
			sourceTree = "<group>";
		};
/* End PBXGroup section */

/* Begin PBXNativeTarget section */
		5F2FE3E71F06BEEB00BB4532 /* Flip Ninja */ = {
			isa = PBXNativeTarget;
			buildConfigurationList = 5F2FE4161F06BEEC00BB4532 /* Build configuration list for PBXNativeTarget "Flip Ninja" */;
			buildPhases = (
				5F2FE3E41F06BEEB00BB4532 /* Sources */,
				5F2FE3E51F06BEEB00BB4532 /* Frameworks */,
				5F2FE3E61F06BEEB00BB4532 /* Resources */,
			);
			buildRules = (
			);
			dependencies = (
			);
			name = "Flip Ninja";
			productName = "Flip Ninja";
			productReference = 5F2FE3E81F06BEEC00BB4532 /* Flip Ninja.app */;
			productType = "com.apple.product-type.application";
		};
		5F2FE4011F06BEEC00BB4532 /* Flip NinjaTests */ = {
			isa = PBXNativeTarget;
			buildConfigurationList = 5F2FE4191F06BEEC00BB4532 /* Build configuration list for PBXNativeTarget "Flip NinjaTests" */;
			buildPhases = (
				5F2FE3FE1F06BEEC00BB4532 /* Sources */,
				5F2FE3FF1F06BEEC00BB4532 /* Frameworks */,
				5F2FE4001F06BEEC00BB4532 /* Resources */,
			);
			buildRules = (
			);
			dependencies = (
				5F2FE4041F06BEEC00BB4532 /* PBXTargetDependency */,
			);
			name = "Flip NinjaTests";
			productName = "Flip NinjaTests";
			productReference = 5F2FE4021F06BEEC00BB4532 /* Flip NinjaTests.xctest */;
			productType = "com.apple.product-type.bundle.unit-test";
		};
		5F2FE40C1F06BEEC00BB4532 /* Flip NinjaUITests */ = {
			isa = PBXNativeTarget;
			buildConfigurationList = 5F2FE41C1F06BEEC00BB4532 /* Build configuration list for PBXNativeTarget "Flip NinjaUITests" */;
			buildPhases = (
				5F2FE4091F06BEEC00BB4532 /* Sources */,
				5F2FE40A1F06BEEC00BB4532 /* Frameworks */,
				5F2FE40B1F06BEEC00BB4532 /* Resources */,
			);
			buildRules = (
			);
			dependencies = (
				5F2FE40F1F06BEEC00BB4532 /* PBXTargetDependency */,
			);
			name = "Flip NinjaUITests";
			productName = "Flip NinjaUITests";
			productReference = 5F2FE40D1F06BEEC00BB4532 /* Flip NinjaUITests.xctest */;
			productType = "com.apple.product-type.bundle.ui-testing";
		};
/* End PBXNativeTarget section */

/* Begin PBXProject section */
		5F2FE3E01F06BEEB00BB4532 /* Project object */ = {
			isa = PBXProject;
			attributes = {
				LastSwiftUpdateCheck = 0830;
				LastUpgradeCheck = 0830;
				ORGANIZATIONNAME = "Ben  Charles";
				TargetAttributes = {
					5F2FE3E71F06BEEB00BB4532 = {
						CreatedOnToolsVersion = 8.3.3;
						DevelopmentTeam = 6U9HP3XSG8;
						ProvisioningStyle = Automatic;
					};
					5F2FE4011F06BEEC00BB4532 = {
						CreatedOnToolsVersion = 8.3.3;
						ProvisioningStyle = Automatic;
						TestTargetID = 5F2FE3E71F06BEEB00BB4532;
					};
					5F2FE40C1F06BEEC00BB4532 = {
						CreatedOnToolsVersion = 8.3.3;
						ProvisioningStyle = Automatic;
						TestTargetID = 5F2FE3E71F06BEEB00BB4532;
					};
				};
			};
			buildConfigurationList = 5F2FE3E31F06BEEB00BB4532 /* Build configuration list for PBXProject "Flip Ninja" */;
			compatibilityVersion = "Xcode 3.2";
			developmentRegion = English;
			hasScannedForEncodings = 0;
			knownRegions = (
				en,
				Base,
			);
			mainGroup = 5F2FE3DF1F06BEEB00BB4532;
			productRefGroup = 5F2FE3E91F06BEEC00BB4532 /* Products */;
			projectDirPath = "";
			projectRoot = "";
			targets = (
				5F2FE3E71F06BEEB00BB4532 /* Flip Ninja */,
				5F2FE4011F06BEEC00BB4532 /* Flip NinjaTests */,
				5F2FE40C1F06BEEC00BB4532 /* Flip NinjaUITests */,
			);
		};
/* End PBXProject section */

/* Begin PBXResourcesBuildPhase section */
		5F2FE3E61F06BEEB00BB4532 /* Resources */ = {
			isa = PBXResourcesBuildPhase;
			buildActionMask = 2147483647;
			files = (
				5F2FE3F71F06BEEC00BB4532 /* Main.storyboard in Resources */,
				5F2FE3F91F06BEEC00BB4532 /* Assets.xcassets in Resources */,
				5F2FE3FC1F06BEEC00BB4532 /* LaunchScreen.storyboard in Resources */,
				5F2FE3F01F06BEEC00BB4532 /* Actions.sks in Resources */,
			);
			runOnlyForDeploymentPostprocessing = 0;
		};
		5F2FE4001F06BEEC00BB4532 /* Resources */ = {
			isa = PBXResourcesBuildPhase;
			buildActionMask = 2147483647;
			files = (
			);
			runOnlyForDeploymentPostprocessing = 0;
		};
		5F2FE40B1F06BEEC00BB4532 /* Resources */ = {
			isa = PBXResourcesBuildPhase;
			buildActionMask = 2147483647;
			files = (
			);
			runOnlyForDeploymentPostprocessing = 0;
		};
/* End PBXResourcesBuildPhase section */

/* Begin PBXSourcesBuildPhase section */
		5F2FE3E41F06BEEB00BB4532 /* Sources */ = {
			isa = PBXSourcesBuildPhase;
			buildActionMask = 2147483647;
			files = (
				5F2FE3F21F06BEEC00BB4532 /* GameScene.swift in Sources */,
				5F2FE3F41F06BEEC00BB4532 /* GameViewController.swift in Sources */,
				5FD658D51F0701E7007598FF /* BCCloudGenerator.swift in Sources */,
				5F2FE3EC1F06BEEC00BB4532 /* AppDelegate.swift in Sources */,
				5FD6934F1F099F2B00CD0942 /* BCObstacle.swift in Sources */,
				5FD693511F09A30400CD0942 /* BCObstacleGenerator.swift in Sources */,
				5FD658D71F0702B4007598FF /* BCCloud.swift in Sources */,
				5F2FE4201F06C7DD00BB4532 /* BCMovingGround.swift in Sources */,
				5F2FE4241F06DB2E00BB4532 /* BCCharacter.swift in Sources */,
				5FD658D31F06FD1B007598FF /* Constants.swift in Sources */,
			);
			runOnlyForDeploymentPostprocessing = 0;
		};
		5F2FE3FE1F06BEEC00BB4532 /* Sources */ = {
			isa = PBXSourcesBuildPhase;
			buildActionMask = 2147483647;
			files = (
				5F2FE4071F06BEEC00BB4532 /* Flip_NinjaTests.swift in Sources */,
			);
			runOnlyForDeploymentPostprocessing = 0;
		};
		5F2FE4091F06BEEC00BB4532 /* Sources */ = {
			isa = PBXSourcesBuildPhase;
			buildActionMask = 2147483647;
			files = (
				5F2FE4121F06BEEC00BB4532 /* Flip_NinjaUITests.swift in Sources */,
			);
			runOnlyForDeploymentPostprocessing = 0;
		};
/* End PBXSourcesBuildPhase section */

/* Begin PBXTargetDependency section */
		5F2FE4041F06BEEC00BB4532 /* PBXTargetDependency */ = {
			isa = PBXTargetDependency;
			target = 5F2FE3E71F06BEEB00BB4532 /* Flip Ninja */;
			targetProxy = 5F2FE4031F06BEEC00BB4532 /* PBXContainerItemProxy */;
		};
		5F2FE40F1F06BEEC00BB4532 /* PBXTargetDependency */ = {
			isa = PBXTargetDependency;
			target = 5F2FE3E71F06BEEB00BB4532 /* Flip Ninja */;
			targetProxy = 5F2FE40E1F06BEEC00BB4532 /* PBXContainerItemProxy */;
		};
/* End PBXTargetDependency section */

/* Begin PBXVariantGroup section */
		5F2FE3F51F06BEEC00BB4532 /* Main.storyboard */ = {
			isa = PBXVariantGroup;
			children = (
				5F2FE3F61F06BEEC00BB4532 /* Base */,
			);
			name = Main.storyboard;
			sourceTree = "<group>";
		};
		5F2FE3FA1F06BEEC00BB4532 /* LaunchScreen.storyboard */ = {
			isa = PBXVariantGroup;
			children = (
				5F2FE3FB1F06BEEC00BB4532 /* Base */,
			);
			name = LaunchScreen.storyboard;
			sourceTree = "<group>";
		};
/* End PBXVariantGroup section */

/* Begin XCBuildConfiguration section */
		5F2FE4141F06BEEC00BB4532 /* Debug */ = {
			isa = XCBuildConfiguration;
			buildSettings = {
				ALWAYS_SEARCH_USER_PATHS = NO;
				CLANG_ANALYZER_NONNULL = YES;
				CLANG_ANALYZER_NUMBER_OBJECT_CONVERSION = YES_AGGRESSIVE;
				CLANG_CXX_LANGUAGE_STANDARD = "gnu++0x";
				CLANG_CXX_LIBRARY = "libc++";
				CLANG_ENABLE_MODULES = YES;
				CLANG_ENABLE_OBJC_ARC = YES;
				CLANG_WARN_BOOL_CONVERSION = YES;
				CLANG_WARN_CONSTANT_CONVERSION = YES;
				CLANG_WARN_DIRECT_OBJC_ISA_USAGE = YES_ERROR;
				CLANG_WARN_DOCUMENTATION_COMMENTS = YES;
				CLANG_WARN_EMPTY_BODY = YES;
				CLANG_WARN_ENUM_CONVERSION = YES;
				CLANG_WARN_INFINITE_RECURSION = YES;
				CLANG_WARN_INT_CONVERSION = YES;
				CLANG_WARN_OBJC_ROOT_CLASS = YES_ERROR;
				CLANG_WARN_SUSPICIOUS_MOVE = YES;
				CLANG_WARN_UNREACHABLE_CODE = YES;
				CLANG_WARN__DUPLICATE_METHOD_MATCH = YES;
				"CODE_SIGN_IDENTITY[sdk=iphoneos*]" = "iPhone Developer";
				COPY_PHASE_STRIP = NO;
				DEBUG_INFORMATION_FORMAT = dwarf;
				ENABLE_STRICT_OBJC_MSGSEND = YES;
				ENABLE_TESTABILITY = YES;
				GCC_C_LANGUAGE_STANDARD = gnu99;
				GCC_DYNAMIC_NO_PIC = NO;
				GCC_NO_COMMON_BLOCKS = YES;
				GCC_OPTIMIZATION_LEVEL = 0;
				GCC_PREPROCESSOR_DEFINITIONS = (
					"DEBUG=1",
					"$(inherited)",
				);
				GCC_WARN_64_TO_32_BIT_CONVERSION = YES;
				GCC_WARN_ABOUT_RETURN_TYPE = YES_ERROR;
				GCC_WARN_UNDECLARED_SELECTOR = YES;
				GCC_WARN_UNINITIALIZED_AUTOS = YES_AGGRESSIVE;
				GCC_WARN_UNUSED_FUNCTION = YES;
				GCC_WARN_UNUSED_VARIABLE = YES;
				IPHONEOS_DEPLOYMENT_TARGET = 10.3;
				MTL_ENABLE_DEBUG_INFO = YES;
				ONLY_ACTIVE_ARCH = YES;
				SDKROOT = iphoneos;
				SWIFT_ACTIVE_COMPILATION_CONDITIONS = DEBUG;
				SWIFT_OPTIMIZATION_LEVEL = "-Onone";
			};
			name = Debug;
		};
		5F2FE4151F06BEEC00BB4532 /* Release */ = {
			isa = XCBuildConfiguration;
			buildSettings = {
				ALWAYS_SEARCH_USER_PATHS = NO;
				CLANG_ANALYZER_NONNULL = YES;
				CLANG_ANALYZER_NUMBER_OBJECT_CONVERSION = YES_AGGRESSIVE;
				CLANG_CXX_LANGUAGE_STANDARD = "gnu++0x";
				CLANG_CXX_LIBRARY = "libc++";
				CLANG_ENABLE_MODULES = YES;
				CLANG_ENABLE_OBJC_ARC = YES;
				CLANG_WARN_BOOL_CONVERSION = YES;
				CLANG_WARN_CONSTANT_CONVERSION = YES;
				CLANG_WARN_DIRECT_OBJC_ISA_USAGE = YES_ERROR;
				CLANG_WARN_DOCUMENTATION_COMMENTS = YES;
				CLANG_WARN_EMPTY_BODY = YES;
				CLANG_WARN_ENUM_CONVERSION = YES;
				CLANG_WARN_INFINITE_RECURSION = YES;
				CLANG_WARN_INT_CONVERSION = YES;
				CLANG_WARN_OBJC_ROOT_CLASS = YES_ERROR;
				CLANG_WARN_SUSPICIOUS_MOVE = YES;
				CLANG_WARN_UNREACHABLE_CODE = YES;
				CLANG_WARN__DUPLICATE_METHOD_MATCH = YES;
				"CODE_SIGN_IDENTITY[sdk=iphoneos*]" = "iPhone Developer";
				COPY_PHASE_STRIP = NO;
				DEBUG_INFORMATION_FORMAT = "dwarf-with-dsym";
				ENABLE_NS_ASSERTIONS = NO;
				ENABLE_STRICT_OBJC_MSGSEND = YES;
				GCC_C_LANGUAGE_STANDARD = gnu99;
				GCC_NO_COMMON_BLOCKS = YES;
				GCC_WARN_64_TO_32_BIT_CONVERSION = YES;
				GCC_WARN_ABOUT_RETURN_TYPE = YES_ERROR;
				GCC_WARN_UNDECLARED_SELECTOR = YES;
				GCC_WARN_UNINITIALIZED_AUTOS = YES_AGGRESSIVE;
				GCC_WARN_UNUSED_FUNCTION = YES;
				GCC_WARN_UNUSED_VARIABLE = YES;
				IPHONEOS_DEPLOYMENT_TARGET = 10.3;
				MTL_ENABLE_DEBUG_INFO = NO;
				SDKROOT = iphoneos;
				SWIFT_OPTIMIZATION_LEVEL = "-Owholemodule";
				VALIDATE_PRODUCT = YES;
			};
			name = Release;
		};
		5F2FE4171F06BEEC00BB4532 /* Debug */ = {
			isa = XCBuildConfiguration;
			buildSettings = {
				ASSETCATALOG_COMPILER_APPICON_NAME = AppIcon;
				DEVELOPMENT_TEAM = 6U9HP3XSG8;
				INFOPLIST_FILE = "Flip Ninja/Info.plist";
				LD_RUNPATH_SEARCH_PATHS = "$(inherited) @executable_path/Frameworks";
				PRODUCT_BUNDLE_IDENTIFIER = "Benji.Flip-Ninja";
				PRODUCT_NAME = "$(TARGET_NAME)";
				SWIFT_VERSION = 3.0;
			};
			name = Debug;
		};
		5F2FE4181F06BEEC00BB4532 /* Release */ = {
			isa = XCBuildConfiguration;
			buildSettings = {
				ASSETCATALOG_COMPILER_APPICON_NAME = AppIcon;
				DEVELOPMENT_TEAM = 6U9HP3XSG8;
				INFOPLIST_FILE = "Flip Ninja/Info.plist";
				LD_RUNPATH_SEARCH_PATHS = "$(inherited) @executable_path/Frameworks";
				PRODUCT_BUNDLE_IDENTIFIER = "Benji.Flip-Ninja";
				PRODUCT_NAME = "$(TARGET_NAME)";
				SWIFT_VERSION = 3.0;
			};
			name = Release;
		};
		5F2FE41A1F06BEEC00BB4532 /* Debug */ = {
			isa = XCBuildConfiguration;
			buildSettings = {
				ALWAYS_EMBED_SWIFT_STANDARD_LIBRARIES = YES;
				BUNDLE_LOADER = "$(TEST_HOST)";
				INFOPLIST_FILE = "Flip NinjaTests/Info.plist";
				LD_RUNPATH_SEARCH_PATHS = "$(inherited) @executable_path/Frameworks @loader_path/Frameworks";
				PRODUCT_BUNDLE_IDENTIFIER = "Benji.Flip-NinjaTests";
				PRODUCT_NAME = "$(TARGET_NAME)";
				SWIFT_VERSION = 3.0;
				TEST_HOST = "$(BUILT_PRODUCTS_DIR)/Flip Ninja.app/Flip Ninja";
			};
			name = Debug;
		};
		5F2FE41B1F06BEEC00BB4532 /* Release */ = {
			isa = XCBuildConfiguration;
			buildSettings = {
				ALWAYS_EMBED_SWIFT_STANDARD_LIBRARIES = YES;
				BUNDLE_LOADER = "$(TEST_HOST)";
				INFOPLIST_FILE = "Flip NinjaTests/Info.plist";
				LD_RUNPATH_SEARCH_PATHS = "$(inherited) @executable_path/Frameworks @loader_path/Frameworks";
				PRODUCT_BUNDLE_IDENTIFIER = "Benji.Flip-NinjaTests";
				PRODUCT_NAME = "$(TARGET_NAME)";
				SWIFT_VERSION = 3.0;
				TEST_HOST = "$(BUILT_PRODUCTS_DIR)/Flip Ninja.app/Flip Ninja";
			};
			name = Release;
		};
		5F2FE41D1F06BEEC00BB4532 /* Debug */ = {
			isa = XCBuildConfiguration;
			buildSettings = {
				ALWAYS_EMBED_SWIFT_STANDARD_LIBRARIES = YES;
				INFOPLIST_FILE = "Flip NinjaUITests/Info.plist";
				LD_RUNPATH_SEARCH_PATHS = "$(inherited) @executable_path/Frameworks @loader_path/Frameworks";
				PRODUCT_BUNDLE_IDENTIFIER = "Benji.Flip-NinjaUITests";
				PRODUCT_NAME = "$(TARGET_NAME)";
				SWIFT_VERSION = 3.0;
				TEST_TARGET_NAME = "Flip Ninja";
			};
			name = Debug;
		};
		5F2FE41E1F06BEEC00BB4532 /* Release */ = {
			isa = XCBuildConfiguration;
			buildSettings = {
				ALWAYS_EMBED_SWIFT_STANDARD_LIBRARIES = YES;
				INFOPLIST_FILE = "Flip NinjaUITests/Info.plist";
				LD_RUNPATH_SEARCH_PATHS = "$(inherited) @executable_path/Frameworks @loader_path/Frameworks";
				PRODUCT_BUNDLE_IDENTIFIER = "Benji.Flip-NinjaUITests";
				PRODUCT_NAME = "$(TARGET_NAME)";
				SWIFT_VERSION = 3.0;
				TEST_TARGET_NAME = "Flip Ninja";
			};
			name = Release;
		};
/* End XCBuildConfiguration section */

/* Begin XCConfigurationList section */
		5F2FE3E31F06BEEB00BB4532 /* Build configuration list for PBXProject "Flip Ninja" */ = {
			isa = XCConfigurationList;
			buildConfigurations = (
				5F2FE4141F06BEEC00BB4532 /* Debug */,
				5F2FE4151F06BEEC00BB4532 /* Release */,
			);
			defaultConfigurationIsVisible = 0;
			defaultConfigurationName = Release;
		};
		5F2FE4161F06BEEC00BB4532 /* Build configuration list for PBXNativeTarget "Flip Ninja" */ = {
			isa = XCConfigurationList;
			buildConfigurations = (
				5F2FE4171F06BEEC00BB4532 /* Debug */,
				5F2FE4181F06BEEC00BB4532 /* Release */,
			);
			defaultConfigurationIsVisible = 0;
			defaultConfigurationName = Release;
		};
		5F2FE4191F06BEEC00BB4532 /* Build configuration list for PBXNativeTarget "Flip NinjaTests" */ = {
			isa = XCConfigurationList;
			buildConfigurations = (
				5F2FE41A1F06BEEC00BB4532 /* Debug */,
				5F2FE41B1F06BEEC00BB4532 /* Release */,
			);
			defaultConfigurationIsVisible = 0;
			defaultConfigurationName = Release;
		};
		5F2FE41C1F06BEEC00BB4532 /* Build configuration list for PBXNativeTarget "Flip NinjaUITests" */ = {
			isa = XCConfigurationList;
			buildConfigurations = (
				5F2FE41D1F06BEEC00BB4532 /* Debug */,
				5F2FE41E1F06BEEC00BB4532 /* Release */,
			);
			defaultConfigurationIsVisible = 0;
			defaultConfigurationName = Release;
		};
/* End XCConfigurationList section */
	};
	rootObject = 5F2FE3E01F06BEEB00BB4532 /* Project object */;
}
